{
    "_meta": {
        "hash": {
            "sha256": "33afda356f55367b7623d194e3fdee5cedd78e9682714786c60751f621770a9f"
        },
        "pipfile-spec": 6,
        "requires": {
            "python_version": "3.7"
        },
        "sources": [
            {
                "name": "pypi",
                "url": "https://pypi.org/simple",
                "verify_ssl": true
            }
        ]
    },
    "default": {
        "asttokens": {
            "hashes": [
                "sha256:766d3352908730efb20b95ae22db0f1cb1bedb67c6071fcffb5c236ea673f2f7",
                "sha256:a42e57e28f2ac1c85ed9b1f84109401427e5c63c04f61d15b8842b027eec5128"
            ],
            "version": "==2.0.4"
        },
        "attrdict": {
            "hashes": [
                "sha256:35c90698b55c683946091177177a9e9c0713a0860f0e049febd72649ccd77b70",
                "sha256:9432e3498c74ff7e1b20b3d93b45d766b71cbffa90923496f82c4ae38b92be34"
            ],
            "version": "==2.0.1"
        },
        "attrs": {
            "hashes": [
                "sha256:149e90d6d8ac20db7a955ad60cf0e6881a3f20d37096140088356da6c716b0b1",
                "sha256:ef6aaac3ca6cd92904cdd0d83f629a15f18053ec84e6432106f7a4d04ae4f5fb"
            ],
            "markers": "python_version >= '2.7' and python_version not in '3.0, 3.1, 3.2, 3.3, 3.4'",
            "version": "==21.2.0"
        },
        "base58": {
            "hashes": [
                "sha256:171a547b4a3c61e1ae3807224a6f7aec75e364c4395e7562649d7335768001a2",
                "sha256:8225891d501b68c843ffe30b86371f844a21c6ba00da76f52f9b998ba771fb48"
            ],
            "markers": "python_version >= '3.5'",
            "version": "==2.1.0"
        },
        "cached-property": {
            "hashes": [
                "sha256:9fa5755838eecbb2d234c3aa390bd80fbd3ac6b6869109bfc1b499f7bd89a130",
                "sha256:df4f613cf7ad9a588cc381aaf4a512d26265ecebd5eb9e1ba12f1319eb85a6a0"
            ],
            "markers": "python_version < '3.8'",
            "version": "==1.5.2"
        },
        "certifi": {
            "hashes": [
                "sha256:2bbf76fd432960138b3ef6dda3dde0544f27cbf8546c458e60baf371917ba9ee",
                "sha256:50b1e4f8446b06f41be7dd6338db18e0990601dce795c2b1686458aa7e8fa7d8"
            ],
            "version": "==2021.5.30"
        },
        "charset-normalizer": {
            "hashes": [
                "sha256:5d209c0a931f215cee683b6445e2d77677e7e75e159f78def0db09d68fafcaa6",
                "sha256:5ec46d183433dcbd0ab716f2d7f29d8dee50505b3fdb40c6b985c7c4f5a3591f"
            ],
            "markers": "python_version >= '3'",
            "version": "==2.0.6"
        },
        "cytoolz": {
            "hashes": [
                "sha256:140eaadcd86216d4a185db3a37396ee80dd2edc6e490ba37a3d7c1b17a124078",
                "sha256:2f9963114029e78ddb626140cbb15b79ad0fd1563484b73fb29403a3d5bf3ed4",
                "sha256:3159da30eaf214746215293fdba19b6b54af59b3b2ba979eb9e184c6c7a854d2",
                "sha256:477f71b8b2c6fdd97aa3a421ba0cfd04b22ffed1b22dda3fea06db2756ee7097",
                "sha256:5692a100d657f9bc2fede44ff41649c0c577f251bc0bd06c699c177235a0f81c",
                "sha256:596a40ce920dd6cdab42d3dec5a4e8bb0bf258bb79426a4ed7658a27c214941b",
                "sha256:6cba0572e3ad187e0ea0ddd20bb9c6aad794c23d997ed2b2aa2bbd109fe61f9f",
                "sha256:84519cf4f63308b0ce39162b7a341367338953cd9fbf7edd335cbc44dcd321e9",
                "sha256:8893b54f8d8d1bbc5a22dc4989d9b3eb269dd5ee1247993158e1f9ae0fbb9c88",
                "sha256:a6e95de2fe891075f71edb0a56701eeaae04d43f44470c24d45e89f1ea801e85",
                "sha256:b4a3eb96eda360b14fa6c7d2ce6faf684319c051f9ea620b009cb28a2878ed32",
                "sha256:b61f23e9fa7cd5a87a503ab659f816858e2235926cd95b0c7e37403530d4a2d6",
                "sha256:c183237f4f0bac53238588e3567c0287130dd9ed6b6b880579a5cca960a89f54",
                "sha256:c50051c02b23823209d6b0e8f7b2b37371312da50ca78165871dc6fed7bd37df",
                "sha256:c64f3590c3eb40e1548f0d3c6b2ccde70493d0b8dc6cc7f9f3fec0bb3dcd4222",
                "sha256:c65635ad93bac9002e36d42603bd87514e8ea932910158054b409ceee05ff4fe",
                "sha256:c7ed490f7f5c069a5082b73803ff4595f12ed0eb6b52ffa5ffe15d532acb71ed",
                "sha256:d0fdf0186201f882274db95fc5644ef34bfb0593d9db23b7343b0e6c8c000a0a",
                "sha256:e2e7cbfec2681e8acfd0013e9581905f251455d411457a6f475ba1870d1685fc",
                "sha256:f85a8e164ebbe75e77a9c8a0b91bd2a3ceb5beeb0f1c180affe75318a41df98c",
                "sha256:fb1b6bb4dee54fe62306d7330639f57a0dbb612520516b97b1c9dea5bc506634"
            ],
            "markers": "implementation_name == 'cpython'",
            "version": "==0.11.0"
        },
        "eth-abi": {
            "hashes": [
                "sha256:4bb1d87bb6605823379b07f6c02c8af45df01a27cc85bd6abb7cf1446ce7d188",
                "sha256:78df5d2758247a8f0766a7cfcea4575bcfe568c34a33e6d05a72c328a9040444"
            ],
            "markers": "python_version >= '3.6' and python_version < '4'",
            "version": "==2.1.1"
        },
        "eth-account": {
            "hashes": [
                "sha256:bf857f800a3cb6a7d0535850dfc229fbfb9d04b124cdd0969881d6d5ec9cb645",
                "sha256:fa8308c1d280cfde28455d8c031c3a048c8811e502e750ec0d2cff76988dcd0b"
            ],
            "markers": "python_version >= '3.6' and python_version < '4'",
            "version": "==0.4.0"
        },
        "eth-bloom": {
            "hashes": [
                "sha256:5d6d28fa60ee1e25436c45b9593798d7e193224b364ea1a212050055dfa1942c",
                "sha256:688317306d87b823da63d24e1ad706defadbd865887ed4bddf7fbd0410b2093c"
            ],
            "markers": "python_version >= '3.6' and python_version < '4'",
            "version": "==1.0.4"
        },
        "eth-hash": {
            "extras": [
                "pycryptodome",
                "pysha3"
            ],
            "hashes": [
                "sha256:3f40cecd5ead88184aa9550afc19d057f103728108c5102f592f8415949b5a76",
                "sha256:de7385148a8e0237ba1240cddbc06d53f56731140f8593bdb8429306f6b42271"
            ],
            "version": "==0.3.2"
        },
        "eth-keyfile": {
            "hashes": [
                "sha256:70d734af17efdf929a90bb95375f43522be4ed80c3b9e0a8bca575fb11cd1159",
                "sha256:939540efb503380bc30d926833e6a12b22c6750de80feef3720d79e5a79de47d"
            ],
            "version": "==0.5.1"
        },
        "eth-keys": {
            "hashes": [
                "sha256:d1cdcd6b2118edf5dcd112ba6efc4b187b028c5c7d6af6ca04d90b7af94a1c58",
                "sha256:e15a0140852552ec3eb07e9731e23d390aea4bae892022279af42ce32e9c2620"
            ],
            "version": "==0.2.4"
        },
        "eth-rlp": {
            "hashes": [
                "sha256:cc389ef8d7b6f76a98f90bcdbff1b8684b3a78f53d47e871191b50d4d6aee5a1",
                "sha256:f016f980b0ed42ee7650ba6e4e4d3c4e9aa06d8b9c6825a36d3afe5aa0187a8b"
            ],
            "markers": "python_version >= '3.6' and python_version < '4'",
            "version": "==0.2.1"
        },
        "eth-tester": {
            "extras": [
                "py-evm"
            ],
            "hashes": [
                "sha256:03554e01eec57faefba256cca8c88beab1651eefb39f2ca9a21493acccc056e2",
                "sha256:4387251b8323a181738f6999fb24b5ebf8931c0f4348cb6c0ca49cb015475b46"
            ],
            "version": "==0.2.0b2"
        },
        "eth-typing": {
            "hashes": [
                "sha256:1140c7592321dbf10d6663c46f7e43eb0e6410b011b03f14b3df3eb1f76aa9bb",
                "sha256:97ba0f83da7cf1d3668f6ed54983f21168076c552762bf5e06d4a20921877f3f"
            ],
            "markers": "python_version >= '3.5' and python_version < '4'",
            "version": "==2.2.2"
        },
        "eth-utils": {
            "hashes": [
                "sha256:74240a8c6f652d085ed3c85f5f1654203d2f10ff9062f83b3bad0a12ff321c7a",
                "sha256:bf82762a46978714190b0370265a7148c954d3f0adaa31c6f085ea375e4c61af"
            ],
            "markers": "python_version >= '3.5' and python_version < '4' and python_full_version != '3.5.2'",
            "version": "==1.10.0"
        },
        "hexbytes": {
            "hashes": [
                "sha256:a5881304d186e87578fb263a85317c808cf130e1d4b3d37d30142ab0f7898d03",
                "sha256:ef53c37ea9f316fff86fcb1df057b4c6ba454da348083e972031bbf7bc9c3acc"
            ],
            "markers": "python_version >= '3.6' and python_version < '4'",
            "version": "==0.2.2"
        },
        "idna": {
            "hashes": [
                "sha256:14475042e284991034cb48e06f6851428fb14c4dc953acd9be9a5e95c7b6dd7a",
                "sha256:467fbad99067910785144ce333826c71fb0e63a425657295239737f7ecd125f3"
            ],
            "markers": "python_version >= '3'",
            "version": "==3.2"
        },
        "importlib-metadata": {
            "hashes": [
                "sha256:b618b6d2d5ffa2f16add5697cf57a46c76a56229b0ed1c438322e4e95645bd15",
                "sha256:f284b3e11256ad1e5d03ab86bb2ccd6f5339688ff17a4d797a0fe7df326f23b1"
            ],
            "markers": "python_version < '3.8'",
            "version": "==4.8.1"
        },
        "ipfshttpclient": {
            "hashes": [
                "sha256:161c348e91cdc194c06c8725446a51a2d758ff2cc5ea97ec98f49e2af2465405",
                "sha256:feb1033c14c3ac87ee81264176c5beefeaf386385804427160466117ccc43693"
            ],
            "markers": "python_full_version >= '3.5.4' and python_full_version not in '3.6.0, 3.6.1, 3.7.0, 3.7.1'",
            "version": "==0.7.0"
        },
        "jsonschema": {
            "hashes": [
                "sha256:4e5b3cf8216f577bee9ce139cbe72eca3ea4f292ec60928ff24758ce626cd163",
                "sha256:c8a85b28d377cc7737e46e2d9f2b4f44ee3c0e1deac6bf46ddefc7187d30797a"
            ],
            "version": "==3.2.0"
        },
        "lru-dict": {
            "hashes": [
                "sha256:45b81f67d75341d4433abade799a47e9c42a9e22a118531dcb5e549864032d7c"
            ],
            "version": "==1.1.7"
        },
        "multiaddr": {
            "hashes": [
                "sha256:30b2695189edc3d5b90f1c303abb8f02d963a3a4edf2e7178b975eb417ab0ecf",
                "sha256:5c0f862cbcf19aada2a899f80ef896ddb2e85614e0c8f04dd287c06c69dac95b"
            ],
            "markers": "python_version >= '2.7' and python_version not in '3.0, 3.1, 3.2, 3.3'",
            "version": "==0.0.9"
        },
        "mypy-extensions": {
            "hashes": [
                "sha256:090fedd75945a69ae91ce1303b5824f428daf5a028d2f6ab8a299250a846f15d",
                "sha256:2d82818f5bb3e369420cb3c4060a7970edba416647068eb4c5343488a6c604a8"
            ],
            "version": "==0.4.3"
        },
        "netaddr": {
            "hashes": [
                "sha256:9666d0232c32d2656e5e5f8d735f58fd6c7457ce52fc21c98d45f2af78f990ac",
                "sha256:d6cc57c7a07b1d9d2e917aa8b36ae8ce61c35ba3fcd1b83ca31c5a0ee2b5a243"
            ],
            "version": "==0.8.0"
        },
        "parsimonious": {
            "hashes": [
                "sha256:3add338892d580e0cb3b1a39e4a1b427ff9f687858fdd61097053742391a9f6b"
            ],
            "version": "==0.8.1"
        },
        "protobuf": {
            "hashes": [
                "sha256:0851b5b89191e1976d34fa2e8eb8659829dfb45252053224cf9df857fb5f6a45",
                "sha256:09d9268f6f9da81b7657adcf2fb397524c82f20cdf9e0db3ff4e7567977abd67",
                "sha256:10544fc7ace885a882623083c24da5b14148c77563acddc3c58d66f6153c09cd",
                "sha256:1c9bb40503751087300dd12ce2e90899d68628977905c76effc48e66d089391e",
                "sha256:387f621bf7295a331f8c8a6962d097ceddeb85356792888cfa6a5c6bfc6886a4",
                "sha256:3c1644f8a7f19b45c7a4c32278e2a55ae9e7e2f9e5f02d960a61f04a4890d3e6",
                "sha256:4d19c9cb805fd2be1d59eee39e152367ee92a30167e77bd06c8819f8f0009a4c",
                "sha256:61ca58e14033ca0dfa484a31d57237c1be3b6013454c7f53876a20fc88dd69b1",
                "sha256:6f714f5de9d40b3bec90ede4a688cce52f637ccdc5403afcda1f67598f4fdcd7",
                "sha256:7a7be937c319146cc9f2626f0181e6809062c353e1fe449ecd0df374ba1036b2",
                "sha256:7e2f0677d68ecdd1cfda2abea65873f5bc7c3f5aae199404a3f5c1d1198c1a63",
                "sha256:8c1c5d3966c856f60a9d8d62f4455d70c31026422acdd5c228edf22b65b16c38",
                "sha256:93bad12895d8b0ebc66b605c2ef1802311595f881aef032d9f13282b7550e6b2",
                "sha256:c0e2790c580070cff2921b93d562539ae027064340151c50db6aaf94c33048cd",
                "sha256:c492c217d3f69f4d2d5619571e52ab98538edbf53caf67e53ea92bd0a3b5670f",
                "sha256:d6d927774c0ec746fed15a4faff5f44aad0b7a3421fadb6f3ae5ca1f2f8ae26e",
                "sha256:d76201380f41a2d83fb613a4683059d1fcafbe969518b3e409e279a8788fde2f",
                "sha256:e2ee8b11e3eb2ed38f12137c3c132270a0b1dd509e317228ac47b67f21a583f1",
                "sha256:e9ac691f7b24e4371dcd3980e4f5d6c840a2010da37986203053fee995786ec5",
                "sha256:f20f803892f2135e8b96dc58c9a0c6a7ad8436794bf8784af229498d939b4c77",
                "sha256:fa6d1049d5315566f55c04d0b50c0033415144f96a9d25c820dc542fe2bb7f45"
            ],
            "markers": "python_version >= '3.5'",
            "version": "==3.18.1"
        },
        "py-ecc": {
            "hashes": [
                "sha256:67136ea75c35f7610b8060861c9999eecbe7f22c690882daadbe4e1712a314c0",
                "sha256:c209755bd5943c89ad6fba385c84a891c66fd74e4a5f0cfd3ea72eb9164df70c"
            ],
            "markers": "python_version >= '3.5' and python_version < '4'",
            "version": "==1.7.1"
        },
        "py-evm": {
            "hashes": [
                "sha256:3e1f39a74bbee0403ddddc28170950c576060f8d3b9a19e5ebf4980f2717d4b6",
                "sha256:8e500e2691ee805ba71127cf8acb412ccd323e567a94d6ad63355774cd0d768f"
            ],
            "version": "==0.3.0a1"
        },
        "py-geth": {
            "hashes": [
                "sha256:5833f56f64f1a9b772db60a7c7097d63166afba270f15da4cc4130d7dbad6a35",
                "sha256:e727231cfe3fc3141011570d3bc16b46093d29468fc6201476daac4dbf8aba8b"
            ],
            "version": "==2.4.0"
        },
        "pycryptodome": {
            "hashes": [
                "sha256:04e14c732c3693d2830839feed5129286ce47ffa8bfe90e4ae042c773e51c677",
                "sha256:11d3164fb49fdee000fde05baecce103c0c698168ef1a18d9c7429dd66f0f5bb",
                "sha256:217dcc0c92503f7dd4b3d3b7d974331a4419f97f555c99a845c3b366fed7056b",
                "sha256:24c1b7705d19d8ae3e7255431efd2e526006855df62620118dd7b5374c6372f6",
                "sha256:309529d2526f3fb47102aeef376b3459110a6af7efb162e860b32e3a17a46f06",
                "sha256:3a153658d97258ca20bf18f7fe31c09cc7c558b6f8974a6ec74e19f6c634bd64",
                "sha256:3f9fb499e267039262569d08658132c9cd8b136bf1d8c56b72f70ed05551e526",
                "sha256:3faa6ebd35c61718f3f8862569c1f38450c24f3ededb213e1a64806f02f584bc",
                "sha256:40083b0d7f277452c7f2dd4841801f058cc12a74c219ee4110d65774c6a58bef",
                "sha256:49e54f2245befb0193848c8c8031d8d1358ed4af5a1ae8d0a3ba669a5cdd3a72",
                "sha256:4e8fc4c48365ce8a542fe48bf1360da05bb2851df12f64fc94d751705e7cdbe7",
                "sha256:54d4e4d45f349d8c4e2f31c2734637ff62a844af391b833f789da88e43a8f338",
                "sha256:66301e4c42dee43ee2da256625d3fe81ef98cc9924c2bd535008cc3ad8ded77b",
                "sha256:6b45fcace5a5d9c57ba87cf804b161adc62aa826295ce7f7acbcbdc0df74ed37",
                "sha256:7efec2418e9746ec48e264eea431f8e422d931f71c57b1c96ee202b117f58fa9",
                "sha256:851e6d4930b160417235955322db44adbdb19589918670d63f4acd5d92959ac0",
                "sha256:8e82524e7c354033508891405574d12e612cc4fdd3b55d2c238fc1a3e300b606",
                "sha256:8ec154ec445412df31acf0096e7f715e30e167c8f2318b8f5b1ab7c28f4c82f7",
                "sha256:91ba4215a1f37d0f371fe43bc88c5ff49c274849f3868321c889313787de7672",
                "sha256:97e7df67a4da2e3f60612bbfd6c3f243a63a15d8f4797dd275e1d7b44a65cb12",
                "sha256:9a2312440057bf29b9582f72f14d79692044e63bfbc4b4bbea8559355f44f3dd",
                "sha256:a7471646d8cd1a58bb696d667dcb3853e5c9b341b68dcf3c3cc0893d0f98ca5f",
                "sha256:ac3012c36633564b2b5539bb7c6d9175f31d2ce74844e9abe654c428f02d0fd8",
                "sha256:b1daf251395af7336ddde6a0015ba5e632c18fe646ba930ef87402537358e3b4",
                "sha256:b217b4525e60e1af552d62bec01b4685095436d4de5ecde0f05d75b2f95ba6d4",
                "sha256:c61ea053bd5d4c12a063d7e704fbe1c45abb5d2510dab55bd95d166ba661604f",
                "sha256:c6469d1453f5864e3321a172b0aa671b938d753cbf2376b99fa2ab8841539bb8",
                "sha256:cefe6b267b8e5c3c72e11adec35a9c7285b62e8ea141b63e87055e9a9e5f2f8c",
                "sha256:d713dc0910e5ded07852a05e9b75f1dd9d3a31895eebee0668f612779b2a748c",
                "sha256:db15fa07d2a4c00beeb5e9acdfdbc1c79f9ccfbdc1a8f36c82c4aa44951b33c9"
            ],
            "version": "==3.10.4"
        },
        "pyethash": {
            "hashes": [
                "sha256:ff66319ce26b9d77df1f610942634dac9742e216f2c27b051c0a2c2dec9c2818"
            ],
            "version": "==0.1.27"
        },
        "pyrsistent": {
            "hashes": [
                "sha256:097b96f129dd36a8c9e33594e7ebb151b1515eb52cceb08474c10a5479e799f2",
                "sha256:2aaf19dc8ce517a8653746d98e962ef480ff34b6bc563fc067be6401ffb457c7",
                "sha256:404e1f1d254d314d55adb8d87f4f465c8693d6f902f67eb6ef5b4526dc58e6ea",
                "sha256:48578680353f41dca1ca3dc48629fb77dfc745128b56fc01096b2530c13fd426",
                "sha256:4916c10896721e472ee12c95cdc2891ce5890898d2f9907b1b4ae0f53588b710",
                "sha256:527be2bfa8dc80f6f8ddd65242ba476a6c4fb4e3aedbf281dfbac1b1ed4165b1",
                "sha256:58a70d93fb79dc585b21f9d72487b929a6fe58da0754fa4cb9f279bb92369396",
                "sha256:5e4395bbf841693eaebaa5bb5c8f5cdbb1d139e07c975c682ec4e4f8126e03d2",
                "sha256:6b5eed00e597b5b5773b4ca30bd48a5774ef1e96f2a45d105db5b4ebb4bca680",
                "sha256:73ff61b1411e3fb0ba144b8f08d6749749775fe89688093e1efef9839d2dcc35",
                "sha256:772e94c2c6864f2cd2ffbe58bb3bdefbe2a32afa0acb1a77e472aac831f83427",
                "sha256:773c781216f8c2900b42a7b638d5b517bb134ae1acbebe4d1e8f1f41ea60eb4b",
                "sha256:a0c772d791c38bbc77be659af29bb14c38ced151433592e326361610250c605b",
                "sha256:b29b869cf58412ca5738d23691e96d8aff535e17390128a1a52717c9a109da4f",
                "sha256:c1a9ff320fa699337e05edcaae79ef8c2880b52720bc031b219e5b5008ebbdef",
                "sha256:cd3caef37a415fd0dae6148a1b6957a8c5f275a62cca02e18474608cb263640c",
                "sha256:d5ec194c9c573aafaceebf05fc400656722793dac57f254cd4741f3c27ae57b4",
                "sha256:da6e5e818d18459fa46fac0a4a4e543507fe1110e808101277c5a2b5bab0cd2d",
                "sha256:e79d94ca58fcafef6395f6352383fa1a76922268fa02caa2272fff501c2fdc78",
                "sha256:f3ef98d7b76da5eb19c37fda834d50262ff9167c65658d1d8f974d2e4d90676b",
                "sha256:f4c8cabb46ff8e5d61f56a037974228e978f26bfefce4f61a4b1ac0ba7a2ab72"
            ],
            "markers": "python_version >= '3.6'",
            "version": "==0.18.0"
        },
        "pysha3": {
            "hashes": [
                "sha256:0060a66be16665d90c432f55a0ba1f6480590cfb7d2ad389e688a399183474f0",
                "sha256:11a2ba7a2e1d9669d0052fc8fb30f5661caed5512586ecbeeaf6bf9478ab5c48",
                "sha256:386998ee83e313b6911327174e088021f9f2061cbfa1651b97629b761e9ef5c4",
                "sha256:41be70b06c8775a9e4d4eeb52f2f6a3f356f17539a54eac61f43a29e42fd453d",
                "sha256:4416f16b0f1605c25f627966f76873e432971824778b369bd9ce1bb63d6566d9",
                "sha256:571a246308a7b63f15f5aa9651f99cf30f2a6acba18eddf28f1510935968b603",
                "sha256:59111c08b8f34495575d12e5f2ce3bafb98bea470bc81e70c8b6df99aef0dd2f",
                "sha256:5ec8da7c5c70a53b5fa99094af3ba8d343955b212bc346a0d25f6ff75853999f",
                "sha256:684cb01d87ed6ff466c135f1c83e7e4042d0fc668fa20619f581e6add1d38d77",
                "sha256:68c3a60a39f9179b263d29e221c1bd6e01353178b14323c39cc70593c30f21c5",
                "sha256:6e6a84efb7856f5d760ee55cd2b446972cb7b835676065f6c4f694913ea8f8d9",
                "sha256:827b308dc025efe9b6b7bae36c2e09ed0118a81f792d888548188e97b9bf9a3d",
                "sha256:93abd775dac570cb9951c4e423bcb2bc6303a9d1dc0dc2b7afa2dd401d195b24",
                "sha256:9c778fa8b161dc9348dc5cc361e94d54aa5ff18413788f4641f6600d4893a608",
                "sha256:9fdd28884c5d0b4edfed269b12badfa07f1c89dbc5c9c66dd279833894a9896b",
                "sha256:c7c2adcc43836223680ebdf91f1d3373543dc32747c182c8ca2e02d1b69ce030",
                "sha256:c93a2676e6588abcfaecb73eb14485c81c63b94fca2000a811a7b4fb5937b8e8",
                "sha256:cd5c961b603bd2e6c2b5ef9976f3238a561c58569945d4165efb9b9383b050ef",
                "sha256:f9046d59b3e72aa84f6dae83a040bd1184ebd7fef4e822d38186a8158c89e3cf",
                "sha256:fd7e66999060d079e9c0e8893e78d8017dad4f59721f6fe0be6307cd32127a07",
                "sha256:fe988e73f2ce6d947220624f04d467faf05f1bbdbc64b0a201296bb3af92739e"
            ],
            "version": "==1.0.2"
        },
        "pysolc": {
            "editable": true,
            "git": "https://github.com/Jonasmpi/py-solc.git",
            "ref": "88cdaeb10eff79c07a502d0333893a66d59f575f"
        },
        "requests": {
            "hashes": [
                "sha256:6c1246513ecd5ecd4528a0906f910e8f0f9c6b8ec72030dc9fd154dc1a6efd24",
                "sha256:b8aa58f8cf793ffd8782d3d8cb19e66ef36f7aba4353eec859e74678b01b07a7"
            ],
            "markers": "python_version >= '2.7' and python_version not in '3.0, 3.1, 3.2, 3.3, 3.4, 3.5'",
            "version": "==2.26.0"
        },
        "rlp": {
            "hashes": [
                "sha256:27273fc2dbc3513c1e05ea6b8af28aac8745fb09c164e39e2ed2807bf7e1b342",
                "sha256:97b7e770f16442772311b33e6bc28b45318e7c8def69b9df16452304e224e9df"
            ],
            "version": "==1.2.0"
        },
        "semantic-version": {
            "hashes": [
                "sha256:45e4b32ee9d6d70ba5f440ec8cc5221074c7f4b0e8918bdab748cc37912440a9",
                "sha256:d2cb2de0558762934679b9a104e82eca7af448c9f4974d1f3eeccff651df8a54"
            ],
            "markers": "python_version >= '2.7' and python_version not in '3.0, 3.1, 3.2, 3.3'",
            "version": "==2.8.5"
        },
        "sh": {
            "hashes": [
                "sha256:ae3258c5249493cebe73cb4e18253a41ed69262484bad36fdb3efcb8ad8870bb",
                "sha256:b52bf5833ed01c7b5c5fb73a7f71b3d98d48e9b9b8764236237bdc7ecae850fc"
            ],
            "index": "pypi",
            "version": "==1.12.14"
        },
        "six": {
            "hashes": [
                "sha256:1e61c37477a1626458e36f7b1d82aa5c9b094fa4802892072e49de9c60c4c926",
                "sha256:8abb2f1d86890a2dfb989f9a77cfcfd3e47c2a354b01111771326f8aa26e0254"
            ],
            "markers": "python_version >= '2.7' and python_version not in '3.0, 3.1, 3.2, 3.3'",
            "version": "==1.16.0"
        },
        "toolz": {
            "hashes": [
                "sha256:1bc473acbf1a1db4e72a1ce587be347450e8f08324908b8a266b486f408f04d5",
                "sha256:c7a47921f07822fe534fb1c01c9931ab335a4390c782bd28c6bcc7c2f71f3fbf"
            ],
            "markers": "python_version >= '3.5'",
            "version": "==0.11.1"
        },
        "trie": {
            "hashes": [
                "sha256:5b7dedfeedd03c0d6b486b1b21c8182242307daff1bb011fed150a6c8dc4e34b",
                "sha256:5c9501bc1af2c065502601370fc991c496c186c725ca408993d65a0792c2949b"
            ],
            "markers": "python_version < '4' and python_full_version >= '3.5.3'",
            "version": "==1.4.0"
        },
        "typing": {
            "hashes": [
                "sha256:1187fb9c82fd670d10aa07bbb6cfcfe4bdda42d6fab8d5134f04e8c4d0b71cc9",
                "sha256:283d868f5071ab9ad873e5e52268d611e851c870a2ba354193026f2dfb29d8b5"
            ],
            "markers": "python_version >= '2.7' and python_version not in '3.0, 3.1, 3.2, 3.3'",
            "version": "==3.7.4.3"
        },
        "typing-extensions": {
            "hashes": [
                "sha256:49f75d16ff11f1cd258e1b988ccff82a3ca5570217d7ad8c5f48205dd99a677e",
                "sha256:d8226d10bc02a29bcc81df19a26e56a9647f8b0a6d4a83924139f4a8b01f17b7",
                "sha256:f1d25edafde516b146ecd0613dabcc61409817af4766fbbcfb8d1ad4ec441a34"
            ],
            "markers": "python_version < '3.8'",
            "version": "==3.10.0.2"
        },
        "urllib3": {
            "hashes": [
                "sha256:4987c65554f7a2dbf30c18fd48778ef124af6fab771a377103da0585e2336ece",
                "sha256:c4fdf4019605b6e5423637e01bc9fe4daef873709a7973e195ceba0a62bbc844"
            ],
            "markers": "python_version >= '2.7' and python_version not in '3.0, 3.1, 3.2, 3.3, 3.4' and python_version < '4'",
            "version": "==1.26.7"
        },
        "varint": {
            "hashes": [
                "sha256:a6ecc02377ac5ee9d65a6a8ad45c9ff1dac8ccee19400a5950fb51d594214ca5"
            ],
            "version": "==1.0.2"
        },
        "vyper": {
            "hashes": [
                "sha256:2e36910faef0776e76a99fa9aa6c0b7d50cb15f67bf0313763de415dcab2c6c2",
                "sha256:3e50cd802696ea3f5e6ab1bf4c9a90a39c332591d416c99f3d2fa93d7d7ba394"
            ],
            "index": "pypi",
            "version": "==0.3.0"
        },
        "web3": {
            "extras": [
                "tester"
            ],
            "hashes": [
                "sha256:770dbbb86da23185df06bef1c2ed7c871f6f8714ac3d3cfe2e7f57f0bfb98086",
                "sha256:f4362d37137ab42423a38569fc0f6ff3b53a107925ac45345e798ed1d09da301"
            ],
            "index": "pypi",
            "version": "==5.4.0"
        },
        "websockets": {
            "hashes": [
                "sha256:0e4fb4de42701340bd2353bb2eee45314651caa6ccee80dbd5f5d5978888fed5",
                "sha256:1d3f1bf059d04a4e0eb4985a887d49195e15ebabc42364f4eb564b1d065793f5",
                "sha256:20891f0dddade307ffddf593c733a3fdb6b83e6f9eef85908113e628fa5a8308",
                "sha256:295359a2cc78736737dd88c343cd0747546b2174b5e1adc223824bcaf3e164cb",
                "sha256:2db62a9142e88535038a6bcfea70ef9447696ea77891aebb730a333a51ed559a",
                "sha256:3762791ab8b38948f0c4d281c8b2ddfa99b7e510e46bd8dfa942a5fff621068c",
                "sha256:3db87421956f1b0779a7564915875ba774295cc86e81bc671631379371af1170",
                "sha256:3ef56fcc7b1ff90de46ccd5a687bbd13a3180132268c4254fc0fa44ecf4fc422",
                "sha256:4f9f7d28ce1d8f1295717c2c25b732c2bc0645db3215cf757551c392177d7cb8",
                "sha256:5c01fd846263a75bc8a2b9542606927cfad57e7282965d96b93c387622487485",
                "sha256:5c65d2da8c6bce0fca2528f69f44b2f977e06954c8512a952222cea50dad430f",
                "sha256:751a556205d8245ff94aeef23546a1113b1dd4f6e4d102ded66c39b99c2ce6c8",
                "sha256:7ff46d441db78241f4c6c27b3868c9ae71473fe03341340d2dfdbe8d79310acc",
                "sha256:965889d9f0e2a75edd81a07592d0ced54daa5b0785f57dc429c378edbcffe779",
                "sha256:9b248ba3dd8a03b1a10b19efe7d4f7fa41d158fdaa95e2cf65af5a7b95a4f989",
                "sha256:9bef37ee224e104a413f0780e29adb3e514a5b698aabe0d969a6ba426b8435d1",
                "sha256:c1ec8db4fac31850286b7cd3b9c0e1b944204668b8eb721674916d4e28744092",
                "sha256:c8a116feafdb1f84607cb3b14aa1418424ae71fee131642fc568d21423b51824",
                "sha256:ce85b06a10fc65e6143518b96d3dca27b081a740bae261c2fb20375801a9d56d",
                "sha256:d705f8aeecdf3262379644e4b55107a3b55860eb812b673b28d0fbc347a60c55",
                "sha256:e898a0863421650f0bebac8ba40840fc02258ef4714cb7e1fd76b6a6354bda36",
                "sha256:f8a7bff6e8664afc4e6c28b983845c5bc14965030e3fb98789734d416af77c4b"
            ],
            "markers": "python_full_version >= '3.6.1'",
            "version": "==8.1"
        },
        "yattag": {
            "hashes": [
                "sha256:2727546210d2bc893727f42250125a1c080e938e046bcf0c45af4c959d61473e"
            ],
            "index": "pypi",
            "version": "==1.13.1"
        },
        "zipp": {
            "hashes": [
                "sha256:71c644c5369f4a6e07636f0aa966270449561fcea2e3d6747b8d23efaa9d7832",
                "sha256:9fe5ea21568a0a70e50f273397638d39b03353731e6cbbb3fd8502a33fec40bc"
            ],
            "markers": "python_version >= '3.6'",
            "version": "==3.6.0"
        }
    },
    "develop": {
        "appdirs": {
            "hashes": [
                "sha256:7d5d0167b2b1ba821647616af46a749d1c653740dd0d2415100fe26e27afdf41",
                "sha256:a841dacd6b99318a741b166adb07e19ee71a274450e68237b4650ca1055ab128"
            ],
            "version": "==1.4.4"
        },
        "astroid": {
            "hashes": [
                "sha256:dcc06f6165f415220013801642bd6c9808a02967070919c4b746c6864c205471",
                "sha256:fe81f80c0b35264acb5653302ffbd935d394f1775c5e4487df745bf9c2442708"
            ],
            "markers": "python_version ~= '3.6'",
            "version": "==2.8.0"
        },
        "attrs": {
            "hashes": [
                "sha256:149e90d6d8ac20db7a955ad60cf0e6881a3f20d37096140088356da6c716b0b1",
                "sha256:ef6aaac3ca6cd92904cdd0d83f629a15f18053ec84e6432106f7a4d04ae4f5fb"
            ],
            "markers": "python_version >= '2.7' and python_version not in '3.0, 3.1, 3.2, 3.3, 3.4'",
            "version": "==21.2.0"
        },
        "black": {
            "hashes": [
                "sha256:1b30e59be925fafc1ee4565e5e08abef6b03fe455102883820fe5ee2e4734e0b",
                "sha256:c2edb73a08e9e0e6f65a0e6af18b059b8b1cdd5bef997d7a0b181df93dc81539"
            ],
            "index": "pypi",
            "version": "==19.10b0"
        },
        "click": {
            "hashes": [
                "sha256:8c04c11192119b1ef78ea049e0a6f0463e4c48ef00a30160c704337586f3ad7a",
                "sha256:fba402a4a47334742d782209a7c79bc448911afe1149d07bdabdf480b3e2f4b6"
            ],
            "markers": "python_version >= '3.6'",
            "version": "==8.0.1"
        },
        "importlib-metadata": {
            "hashes": [
                "sha256:b618b6d2d5ffa2f16add5697cf57a46c76a56229b0ed1c438322e4e95645bd15",
                "sha256:f284b3e11256ad1e5d03ab86bb2ccd6f5339688ff17a4d797a0fe7df326f23b1"
            ],
            "markers": "python_version < '3.8'",
            "version": "==4.8.1"
        },
        "isort": {
            "hashes": [
                "sha256:9c2ea1e62d871267b78307fe511c0838ba0da28698c5732d54e2790bf3ba9899",
                "sha256:e17d6e2b81095c9db0a03a8025a957f334d6ea30b26f9ec70805411e5c7c81f2"
            ],
            "markers": "python_version < '4.0' and python_full_version >= '3.6.1'",
            "version": "==5.9.3"
        },
        "lazy-object-proxy": {
            "hashes": [
                "sha256:17e0967ba374fc24141738c69736da90e94419338fd4c7c7bef01ee26b339653",
                "sha256:1fee665d2638491f4d6e55bd483e15ef21f6c8c2095f235fef72601021e64f61",
                "sha256:22ddd618cefe54305df49e4c069fa65715be4ad0e78e8d252a33debf00f6ede2",
                "sha256:24a5045889cc2729033b3e604d496c2b6f588c754f7a62027ad4437a7ecc4837",
                "sha256:410283732af311b51b837894fa2f24f2c0039aa7f220135192b38fcc42bd43d3",
                "sha256:4732c765372bd78a2d6b2150a6e99d00a78ec963375f236979c0626b97ed8e43",
                "sha256:489000d368377571c6f982fba6497f2aa13c6d1facc40660963da62f5c379726",
                "sha256:4f60460e9f1eb632584c9685bccea152f4ac2130e299784dbaf9fae9f49891b3",
                "sha256:5743a5ab42ae40caa8421b320ebf3a998f89c85cdc8376d6b2e00bd12bd1b587",
                "sha256:85fb7608121fd5621cc4377a8961d0b32ccf84a7285b4f1d21988b2eae2868e8",
                "sha256:9698110e36e2df951c7c36b6729e96429c9c32b3331989ef19976592c5f3c77a",
                "sha256:9d397bf41caad3f489e10774667310d73cb9c4258e9aed94b9ec734b34b495fd",
                "sha256:b579f8acbf2bdd9ea200b1d5dea36abd93cabf56cf626ab9c744a432e15c815f",
                "sha256:b865b01a2e7f96db0c5d12cfea590f98d8c5ba64ad222300d93ce6ff9138bcad",
                "sha256:bf34e368e8dd976423396555078def5cfc3039ebc6fc06d1ae2c5a65eebbcde4",
                "sha256:c6938967f8528b3668622a9ed3b31d145fab161a32f5891ea7b84f6b790be05b",
                "sha256:d1c2676e3d840852a2de7c7d5d76407c772927addff8d742b9808fe0afccebdf",
                "sha256:d7124f52f3bd259f510651450e18e0fd081ed82f3c08541dffc7b94b883aa981",
                "sha256:d900d949b707778696fdf01036f58c9876a0d8bfe116e8d220cfd4b15f14e741",
                "sha256:ebfd274dcd5133e0afae738e6d9da4323c3eb021b3e13052d8cbd0e457b1256e",
                "sha256:ed361bb83436f117f9917d282a456f9e5009ea12fd6de8742d1a4752c3017e93",
                "sha256:f5144c75445ae3ca2057faac03fda5a902eff196702b0a24daf1d6ce0650514b"
            ],
            "markers": "python_version >= '2.7' and python_version not in '3.0, 3.1, 3.2, 3.3, 3.4, 3.5'",
            "version": "==1.6.0"
        },
        "mccabe": {
            "hashes": [
                "sha256:ab8a6258860da4b6677da4bd2fe5dc2c659cff31b3ee4f7f5d64e79735b80d42",
                "sha256:dd8d182285a0fe56bace7f45b5e7d1a6ebcbf524e8f3bd87eb0f125271b8831f"
            ],
            "version": "==0.6.1"
        },
        "more-itertools": {
            "hashes": [
                "sha256:1debcabeb1df793814859d64a81ad7cb10504c24349368ccf214c664c474f41f",
                "sha256:56ddac45541718ba332db05f464bebfb0768110111affd27f66e0051f276fa43"
            ],
            "markers": "python_version >= '3.5'",
            "version": "==8.10.0"
        },
        "mypy": {
            "hashes": [
                "sha256:0a9a45157e532da06fe56adcfef8a74629566b607fa2c1ac0122d1ff995c748a",
                "sha256:2c35cae79ceb20d47facfad51f952df16c2ae9f45db6cb38405a3da1cf8fc0a7",
                "sha256:4b9365ade157794cef9685791032521233729cb00ce76b0ddc78749abea463d2",
                "sha256:53ea810ae3f83f9c9b452582261ea859828a9ed666f2e1ca840300b69322c474",
                "sha256:634aef60b4ff0f650d3e59d4374626ca6153fcaff96ec075b215b568e6ee3cb0",
                "sha256:7e396ce53cacd5596ff6d191b47ab0ea18f8e0ec04e15d69728d530e86d4c217",
                "sha256:7eadc91af8270455e0d73565b8964da1642fe226665dd5c9560067cd64d56749",
                "sha256:7f672d02fffcbace4db2b05369142e0506cdcde20cea0e07c7c2171c4fd11dd6",
                "sha256:85baab8d74ec601e86134afe2bcccd87820f79d2f8d5798c889507d1088287bf",
                "sha256:87c556fb85d709dacd4b4cb6167eecc5bbb4f0a9864b69136a0d4640fdc76a36",
                "sha256:a6bd44efee4dc8c3324c13785a9dc3519b3ee3a92cada42d2b57762b7053b49b",
                "sha256:c6d27bd20c3ba60d5b02f20bd28e20091d6286a699174dfad515636cb09b5a72",
                "sha256:e2bb577d10d09a2d8822a042a23b8d62bc3b269667c9eb8e60a6edfa000211b1",
                "sha256:f97a605d7c8bc2c6d1172c2f0d5a65b24142e11a58de689046e62c2d632ca8c1"
            ],
            "index": "pypi",
            "version": "==0.761"
        },
        "mypy-extensions": {
            "hashes": [
                "sha256:090fedd75945a69ae91ce1303b5824f428daf5a028d2f6ab8a299250a846f15d",
                "sha256:2d82818f5bb3e369420cb3c4060a7970edba416647068eb4c5343488a6c604a8"
            ],
            "version": "==0.4.3"
        },
        "packaging": {
            "hashes": [
                "sha256:7dc96269f53a4ccec5c0670940a4281106dd0bb343f47b7471f779df49c2fbe7",
                "sha256:c86254f9220d55e31cc94d69bade760f0847da8000def4dfe1c6b872fd14ff14"
            ],
            "markers": "python_version >= '3.6'",
            "version": "==21.0"
        },
        "pathspec": {
            "hashes": [
                "sha256:7d15c4ddb0b5c802d161efc417ec1a2558ea2653c2e8ad9c19098201dc1c993a",
                "sha256:e564499435a2673d586f6b2130bb5b95f04a3ba06f81b8f895b651a3c76aabb1"
            ],
            "version": "==0.9.0"
        },
        "platformdirs": {
            "hashes": [
                "sha256:367a5e80b3d04d2428ffa76d33f124cf11e8fff2acdaa9b43d545f5c7d661ef2",
                "sha256:8868bbe3c3c80d42f20156f22e7131d2fb321f5bc86a2a345375c6481a67021d"
            ],
            "markers": "python_version >= '3.6'",
            "version": "==2.4.0"
        },
        "pluggy": {
            "hashes": [
                "sha256:15b2acde666561e1298d71b523007ed7364de07029219b604cf808bfa1c765b0",
                "sha256:966c145cd83c96502c3c3868f50408687b38434af77734af1e9ca461a4081d2d"
            ],
            "markers": "python_version >= '2.7' and python_version not in '3.0, 3.1, 3.2, 3.3'",
            "version": "==0.13.1"
        },
        "py": {
            "hashes": [
                "sha256:21b81bda15b66ef5e1a777a21c4dcd9c20ad3efd0b3f817e7a809035269e1bd3",
                "sha256:3b80836aa6d1feeaa108e046da6423ab8f6ceda6468545ae8d02d9d58d18818a"
            ],
            "markers": "python_version >= '2.7' and python_version not in '3.0, 3.1, 3.2, 3.3'",
            "version": "==1.10.0"
        },
        "pylint": {
            "hashes": [
                "sha256:0f358e221c45cbd4dad2a1e4b883e75d28acdcccd29d40c76eb72b307269b126",
                "sha256:2c9843fff1a88ca0ad98a256806c82c5a8f86086e7ccbdb93297d86c3f90c436"
            ],
            "index": "pypi",
            "version": "==2.11.1"
        },
        "pyparsing": {
            "hashes": [
                "sha256:c203ec8783bf771a155b207279b9bccb8dea02d8f0c9e5f8ead507bc3246ecc1",
                "sha256:ef9d7589ef3c200abe66653d3f1ab1033c3c419ae9b9bdb1240a85b024efc88b"
            ],
            "markers": "python_version >= '2.6' and python_version not in '3.0, 3.1, 3.2, 3.3'",
            "version": "==2.4.7"
        },
        "pytest": {
            "hashes": [
                "sha256:6b571215b5a790f9b41f19f3531c53a45cf6bb8ef2988bc1ff9afb38270b25fa",
                "sha256:e41d489ff43948babd0fad7ad5e49b8735d5d55e26628a58673c39ff61d95de4"
            ],
            "index": "pypi",
            "version": "==5.3.2"
        },
        "regex": {
            "hashes": [
                "sha256:0de8ad66b08c3e673b61981b9e3626f8784d5564f8c3928e2ad408c0eb5ac38c",
                "sha256:1f1125bc5172ab3a049bc6f4b9c0aae95a2a2001a77e6d6e4239fa3653e202b5",
                "sha256:255791523f80ea8e48e79af7120b4697ef3b74f6886995dcdb08c41f8e516be0",
                "sha256:28040e89a04b60d579c69095c509a4f6a1a5379cd865258e3a186b7105de72c6",
                "sha256:37868075eda024470bd0feab872c692ac4ee29db1e14baec103257bf6cc64346",
                "sha256:3b71213ec3bad9a5a02e049f2ec86b3d7c3e350129ae0f4e2f99c12b5da919ed",
                "sha256:3be40f720af170a6b20ddd2ad7904c58b13d2b56f6734ee5d09bbdeed2fa4816",
                "sha256:42952d325439ef223e4e9db7ee6d9087b5c68c5c15b1f9de68e990837682fc7b",
                "sha256:470f2c882f2672d8eeda8ab27992aec277c067d280b52541357e1acd7e606dae",
                "sha256:4907fb0f9b9309a5bded72343e675a252c2589a41871874feace9a05a540241e",
                "sha256:4d87459ad3ab40cd8493774f8a454b2e490d8e729e7e402a0625867a983e4e02",
                "sha256:4fa7ba9ab2eba7284e0d7d94f61df7af86015b0398e123331362270d71fab0b9",
                "sha256:5b34d2335d6aedec7dcadd3f8283b9682fadad8b9b008da8788d2fce76125ebe",
                "sha256:6348a7ab2a502cbdd0b7fd0496d614007489adb7361956b38044d1d588e66e04",
                "sha256:638e98d069b14113e8afba6a54d1ca123f712c0d105e67c1f9211b2a825ef926",
                "sha256:66696c8336a1b5d1182464f3af3427cc760118f26d0b09a2ddc16a976a4d2637",
                "sha256:78cf6a1e023caf5e9a982f5377414e1aeac55198831b852835732cfd0a0ca5ff",
                "sha256:81e125d9ba54c34579e4539a967e976a3c56150796674aec318b1b2f49251be7",
                "sha256:81fdc90f999b2147fc62e303440c424c47e5573a9b615ed5d43a5b832efcca9e",
                "sha256:87e9c489aa98f50f367fb26cc9c8908d668e9228d327644d7aa568d47e456f47",
                "sha256:8c1ad61fa024195136a6b7b89538030bd00df15f90ac177ca278df9b2386c96f",
                "sha256:9910869c472e5a6728680ca357b5846546cbbd2ab3ad5bef986ef0bc438d0aa6",
                "sha256:9925985be05d54b3d25fd6c1ea8e50ff1f7c2744c75bdc4d3b45c790afa2bcb3",
                "sha256:9a0b0db6b49da7fa37ca8eddf9f40a8dbc599bad43e64f452284f37b6c34d91c",
                "sha256:9c065d95a514a06b92a5026766d72ac91bfabf581adb5b29bc5c91d4b3ee9b83",
                "sha256:a6f08187136f11e430638c2c66e1db091105d7c2e9902489f0dbc69b44c222b4",
                "sha256:ad0517df22a97f1da20d8f1c8cb71a5d1997fa383326b81f9cf22c9dadfbdf34",
                "sha256:b345ecde37c86dd7084c62954468a4a655fd2d24fd9b237949dd07a4d0dd6f4c",
                "sha256:b55442650f541d195a535ccec33078c78a9521973fb960923da7515e9ed78fa6",
                "sha256:c2b180ed30856dfa70cfe927b0fd38e6b68198a03039abdbeb1f2029758d87e7",
                "sha256:c9e30838df7bfd20db6466fd309d9b580d32855f8e2c2e6d74cf9da27dcd9b63",
                "sha256:cae4099031d80703954c39680323dabd87a69b21262303160776aa0e55970ca0",
                "sha256:ce7b1cca6c23f19bee8dc40228d9c314d86d1e51996b86f924aca302fc8f8bf9",
                "sha256:d0861e7f6325e821d5c40514c551fd538b292f8cc3960086e73491b9c5d8291d",
                "sha256:d331f238a7accfbbe1c4cd1ba610d4c087b206353539331e32a8f05345c74aec",
                "sha256:e07049cece3462c626d650e8bf42ddbca3abf4aa08155002c28cb6d9a5a281e2",
                "sha256:e2cb7d4909ed16ed35729d38af585673f1f0833e73dfdf0c18e5be0061107b99",
                "sha256:e3770781353a4886b68ef10cec31c1f61e8e3a0be5f213c2bb15a86efd999bc4",
                "sha256:e502f8d4e5ef714bcc2c94d499684890c94239526d61fdf1096547db91ca6aa6",
                "sha256:e6f2d2f93001801296fe3ca86515eb04915472b5380d4d8752f09f25f0b9b0ed",
                "sha256:f588209d3e4797882cd238195c175290dbc501973b10a581086b5c6bcd095ffb"
            ],
            "version": "==2021.9.30"
        },
        "toml": {
            "hashes": [
                "sha256:806143ae5bfb6a3c6e736a764057db0e6a0e05e338b5630894a5f779cabb4f9b",
                "sha256:b3bda1d108d5dd99f4a20d24d9c348e91c4db7ab1b749200bded2f839ccbe68f"
            ],
            "markers": "python_version >= '2.6' and python_version not in '3.0, 3.1, 3.2, 3.3'",
            "version": "==0.10.2"
        },
        "typed-ast": {
            "hashes": [
                "sha256:01ae5f73431d21eead5015997ab41afa53aa1fbe252f9da060be5dad2c730ace",
                "sha256:067a74454df670dcaa4e59349a2e5c81e567d8d65458d480a5b3dfecec08c5ff",
                "sha256:0fb71b8c643187d7492c1f8352f2c15b4c4af3f6338f21681d3681b3dc31a266",
                "sha256:1b3ead4a96c9101bef08f9f7d1217c096f31667617b58de957f690c92378b528",
                "sha256:2068531575a125b87a41802130fa7e29f26c09a2833fea68d9a40cf33902eba6",
                "sha256:209596a4ec71d990d71d5e0d312ac935d86930e6eecff6ccc7007fe54d703808",
                "sha256:2c726c276d09fc5c414693a2de063f521052d9ea7c240ce553316f70656c84d4",
                "sha256:398e44cd480f4d2b7ee8d98385ca104e35c81525dd98c519acff1b79bdaac363",
                "sha256:52b1eb8c83f178ab787f3a4283f68258525f8d70f778a2f6dd54d3b5e5fb4341",
                "sha256:5feca99c17af94057417d744607b82dd0a664fd5e4ca98061480fd8b14b18d04",
                "sha256:7538e495704e2ccda9b234b82423a4038f324f3a10c43bc088a1636180f11a41",
                "sha256:760ad187b1041a154f0e4d0f6aae3e40fdb51d6de16e5c99aedadd9246450e9e",
                "sha256:777a26c84bea6cd934422ac2e3b78863a37017618b6e5c08f92ef69853e765d3",
                "sha256:95431a26309a21874005845c21118c83991c63ea800dd44843e42a916aec5899",
                "sha256:9ad2c92ec681e02baf81fdfa056fe0d818645efa9af1f1cd5fd6f1bd2bdfd805",
                "sha256:9c6d1a54552b5330bc657b7ef0eae25d00ba7ffe85d9ea8ae6540d2197a3788c",
                "sha256:aee0c1256be6c07bd3e1263ff920c325b59849dc95392a05f258bb9b259cf39c",
                "sha256:af3d4a73793725138d6b334d9d247ce7e5f084d96284ed23f22ee626a7b88e39",
                "sha256:b36b4f3920103a25e1d5d024d155c504080959582b928e91cb608a65c3a49e1a",
                "sha256:b9574c6f03f685070d859e75c7f9eeca02d6933273b5e69572e5ff9d5e3931c3",
                "sha256:bff6ad71c81b3bba8fa35f0f1921fb24ff4476235a6e94a26ada2e54370e6da7",
                "sha256:c190f0899e9f9f8b6b7863debfb739abcb21a5c054f911ca3596d12b8a4c4c7f",
                "sha256:c907f561b1e83e93fad565bac5ba9c22d96a54e7ea0267c708bffe863cbe4075",
                "sha256:cae53c389825d3b46fb37538441f75d6aecc4174f615d048321b716df2757fb0",
                "sha256:dd4a21253f42b8d2b48410cb31fe501d32f8b9fbeb1f55063ad102fe9c425e40",
                "sha256:dde816ca9dac1d9c01dd504ea5967821606f02e510438120091b84e852367428",
                "sha256:f2362f3cb0f3172c42938946dbc5b7843c2a28aec307c49100c8b38764eb6927",
                "sha256:f328adcfebed9f11301eaedfa48e15bdece9b519fb27e6a8c01aa52a17ec31b3",
                "sha256:f8afcf15cc511ada719a88e013cec87c11aff7b91f019295eb4530f96fe5ef2f",
                "sha256:fb1bbeac803adea29cedd70781399c99138358c26d05fcbd23c13016b7f5ec65"
            ],
            "markers": "python_version < '3.8' and implementation_name == 'cpython'",
            "version": "==1.4.3"
        },
        "typing-extensions": {
            "hashes": [
                "sha256:49f75d16ff11f1cd258e1b988ccff82a3ca5570217d7ad8c5f48205dd99a677e",
                "sha256:d8226d10bc02a29bcc81df19a26e56a9647f8b0a6d4a83924139f4a8b01f17b7",
                "sha256:f1d25edafde516b146ecd0613dabcc61409817af4766fbbcfb8d1ad4ec441a34"
            ],
            "markers": "python_version < '3.8'",
            "version": "==3.10.0.2"
        },
        "wcwidth": {
            "hashes": [
                "sha256:beb4802a9cebb9144e99086eff703a642a13d6a0052920003a230f3294bbe784",
                "sha256:c4d647b99872929fdb7bdcaa4fbe7f01413ed3d98077df798530e5b04f116c83"
            ],
            "version": "==0.2.5"
        },
        "wrapt": {
            "hashes": [
                "sha256:b62ffa81fb85f4332a4f609cab4ac40709470da05643a082ec1eb88e6d9b97d7"
            ],
            "version": "==1.12.1"
        },
        "zipp": {
            "hashes": [
                "sha256:71c644c5369f4a6e07636f0aa966270449561fcea2e3d6747b8d23efaa9d7832",
                "sha256:9fe5ea21568a0a70e50f273397638d39b03353731e6cbbb3fd8502a33fec40bc"
            ],
            "markers": "python_version >= '3.6'",
            "version": "==3.6.0"
        }
    }
}
